{
  "name": "@acpaas-ui-widgets/ngx-smart-table",
  "version": "1.0.14",
  "lockfileVersion": 1,
  "requires": true,
  "dependencies": {
    "@acpaas-ui/js-date-utils": {
      "version": "1.0.6",
      "resolved": "https://registry.npmjs.org/@acpaas-ui/js-date-utils/-/js-date-utils-1.0.6.tgz",
      "integrity": "sha512-lh+0HtpE7lNiK1Z2ObYaamoDQo1MT3MB33W65FVn9JneeuRucZzOsvX7HKAilM4ZOCGTRtINeOEGjpYnmrsZdw==",
      "requires": {
        "moment": "^2.24.0"
      }
    },
    "@acpaas-ui/ngx-calendar": {
      "version": "4.2.0",
      "resolved": "https://registry.npmjs.org/@acpaas-ui/ngx-calendar/-/ngx-calendar-4.2.0.tgz",
      "integrity": "sha512-JKw8IBzP9lx5V+GMRGnaovyy6nr+gyDZw1kNXT7u3hETdgrAZppIPH4BK+zQ4BlwRNbDiYtAdrG0cD86yoaS6w==",
      "requires": {
        "@acpaas-ui/js-date-utils": "~1.0.1",
        "lodash-es": "~4.17.10",
        "tslib": "^1.9.0"
      }
    },
    "@acpaas-ui/ngx-flyout": {
      "version": "4.2.0",
      "resolved": "https://registry.npmjs.org/@acpaas-ui/ngx-flyout/-/ngx-flyout-4.2.0.tgz",
      "integrity": "sha512-UZ3Lt/nsPawiuydsVdlqp/qiVQyT9BiuP8aG5HsfL4f+1y78eXxQHvdsT7fAliFdaxQmVGI+zsQDBOlmpxMR3A==",
      "requires": {
        "tslib": "^1.9.0"
      }
    },
    "@acpaas-ui/ngx-forms": {
      "version": "4.2.0",
      "resolved": "https://registry.npmjs.org/@acpaas-ui/ngx-forms/-/ngx-forms-4.2.0.tgz",
      "integrity": "sha512-jdaSbD87dzi8ZX4NcnBZQXjM3Gu+5+LWqde1JMWKXGNo2T5+0C8wKsxlH0mLWHIRvsKaFl0+ISZybMakqC/ISQ==",
      "requires": {
        "@acpaas-ui/js-date-utils": "~1.0.1",
        "@acpaas-ui/ngx-calendar": "^4.2.0",
        "@acpaas-ui/ngx-flyout": "^4.2.0",
        "@acpaas-ui/ngx-progress-bar": "^4.0.0",
        "@acpaas-ui/ngx-selectable-list": "^4.0.0",
        "inputmask": "~5.0.3",
        "lodash-es": "~4.17.10",
        "ng2-ckeditor": "~1.2.0",
        "tslib": "^1.9.0"
      }
    },
    "@acpaas-ui/ngx-localstorage": {
      "version": "4.2.1",
      "resolved": "https://registry.npmjs.org/@acpaas-ui/ngx-localstorage/-/ngx-localstorage-4.2.1.tgz",
      "integrity": "sha512-KyXvHLN63m5KpCZgU+8fnK0Ujf5VzqLD8YTfBfLLHblN9cDvylhBsgn8cO58nHWGovuMIKkHIN9czYAXC6winA==",
      "requires": {
        "@acpaas-ui/ngx-utils": "^4.2.1",
        "tslib": "^1.9.0"
      }
    },
    "@acpaas-ui/ngx-pagination": {
      "version": "4.2.1",
      "resolved": "https://registry.npmjs.org/@acpaas-ui/ngx-pagination/-/ngx-pagination-4.2.1.tgz",
      "integrity": "sha512-m4cKBYmw4FzY8cV+/0BfmDLHJiDtbC4grqfioC8ZKFV2ZMkzxCy3s6vKYsFnjUFccNd0fKj2vtE0r2drdH/1yA==",
      "requires": {
        "@acpaas-ui/ngx-utils": "^4.2.1",
        "tslib": "^1.9.0"
      }
    },
    "@acpaas-ui/ngx-progress-bar": {
      "version": "4.0.0",
      "resolved": "https://registry.npmjs.org/@acpaas-ui/ngx-progress-bar/-/ngx-progress-bar-4.0.0.tgz",
      "integrity": "sha512-Tzx0Oza3WerbxxtmglxoL3gw/ApUOewJxO0mxzpNgZKLkG21V3Qa3oTdYll6OzdXrLYO9+MNz2oqStm8724nsA==",
      "requires": {
        "tslib": "^1.9.0"
      }
    },
    "@acpaas-ui/ngx-selectable-list": {
      "version": "4.0.0",
      "resolved": "https://registry.npmjs.org/@acpaas-ui/ngx-selectable-list/-/ngx-selectable-list-4.0.0.tgz",
      "integrity": "sha512-QSg++yzqO9hAdfhdl90KrudSSXGDvhd5Drs6EjPRUU0VpjtU2R+yCFhfrpH+uK1i1pSXUtrWP8Tkpp6o4lL4PA==",
      "requires": {
        "tslib": "^1.9.0"
      }
    },
    "@acpaas-ui/ngx-table": {
      "version": "4.0.0",
      "resolved": "https://registry.npmjs.org/@acpaas-ui/ngx-table/-/ngx-table-4.0.0.tgz",
      "integrity": "sha512-r861S6A7mrdmsqkFuPUsdK06yVYbRsJW2wdQRKwgxgW4ebkHnd+rvh88ubgVhZByNbRVez+qeW5OWnTTTgLlog==",
      "requires": {
        "short-unique-id": "1.1.1",
        "tslib": "^1.9.0"
      }
    },
    "@acpaas-ui/ngx-utils": {
      "version": "4.2.1",
      "resolved": "https://registry.npmjs.org/@acpaas-ui/ngx-utils/-/ngx-utils-4.2.1.tgz",
      "integrity": "sha512-YuFquNPgLwvidYevhC3pnbY2oyf4JIkbR9CCHP4nHcOY+cApC945E2IoXNDFNDolecD/r9BwN0+CaZJ99pgBuQ==",
      "requires": {
        "tslib": "^1.9.0"
      }
    },
    "adler-32": {
      "version": "1.2.0",
      "resolved": "https://registry.npmjs.org/adler-32/-/adler-32-1.2.0.tgz",
      "integrity": "sha1-aj5r8KY5ALoVZSgIyxXGgT0aXyU=",
      "requires": {
        "exit-on-epipe": "~1.0.1",
        "printj": "~1.1.0"
      }
    },
    "cfb": {
      "version": "1.2.0",
      "resolved": "https://registry.npmjs.org/cfb/-/cfb-1.2.0.tgz",
      "integrity": "sha512-sXMvHsKCICVR3Naq+J556K+ExBo9n50iKl6LGarlnvuA2035uMlGA/qVrc0wQtow5P1vJEw9UyrKLCbtIKz+TQ==",
      "requires": {
        "adler-32": "~1.2.0",
        "crc-32": "~1.2.0",
        "printj": "~1.1.2"
      }
    },
    "codepage": {
      "version": "1.14.0",
      "resolved": "https://registry.npmjs.org/codepage/-/codepage-1.14.0.tgz",
      "integrity": "sha1-jL4lSBMjVZ19MHVxsP/5HnodL5k=",
      "requires": {
        "commander": "~2.14.1",
        "exit-on-epipe": "~1.0.1"
      },
      "dependencies": {
        "commander": {
          "version": "2.14.1",
          "resolved": "https://registry.npmjs.org/commander/-/commander-2.14.1.tgz",
          "integrity": "sha512-+YR16o3rK53SmWHU3rEM3tPAh2rwb1yPcQX5irVn7mb0gXbwuCCrnkbV5+PBfETdfg1vui07nM6PCG1zndcjQw=="
        }
      }
    },
    "commander": {
      "version": "2.17.1",
      "resolved": "https://registry.npmjs.org/commander/-/commander-2.17.1.tgz",
      "integrity": "sha512-wPMUt6FnH2yzG95SA6mzjQOEKUU3aLaDEmzs1ti+1E9h+CsrZghRlqEM/EJ4KscsQVG8uNN4uVreUeT8+drlgg=="
    },
    "crc-32": {
      "version": "1.2.0",
      "resolved": "https://registry.npmjs.org/crc-32/-/crc-32-1.2.0.tgz",
      "integrity": "sha512-1uBwHxF+Y/4yF5G48fwnKq6QsIXheor3ZLPT80yGBV1oEUwpPojlEhQbWKVw1VwcTQyMGHK1/XMmTjmlsmTTGA==",
      "requires": {
        "exit-on-epipe": "~1.0.1",
        "printj": "~1.1.0"
      }
    },
    "decode-uri-component": {
      "version": "0.2.0",
      "resolved": "https://registry.npmjs.org/decode-uri-component/-/decode-uri-component-0.2.0.tgz",
      "integrity": "sha1-6zkTMzRYd1y4TNGh+uBiEGu4dUU="
    },
    "exit-on-epipe": {
      "version": "1.0.1",
      "resolved": "https://registry.npmjs.org/exit-on-epipe/-/exit-on-epipe-1.0.1.tgz",
      "integrity": "sha512-h2z5mrROTxce56S+pnvAV890uu7ls7f1kEvVGJbw1OlFH3/mlJ5bkXu0KRyW94v37zzHPiUd55iLn3DA7TjWpw=="
    },
    "file-saver": {
      "version": "2.0.2",
      "resolved": "https://registry.npmjs.org/file-saver/-/file-saver-2.0.2.tgz",
      "integrity": "sha512-Wz3c3XQ5xroCxd1G8b7yL0Ehkf0TC9oYC6buPFkNnU9EnaPlifeAFCyCh+iewXTyFRcg0a6j3J7FmJsIhlhBdw=="
    },
    "frac": {
      "version": "1.1.2",
      "resolved": "https://registry.npmjs.org/frac/-/frac-1.1.2.tgz",
      "integrity": "sha512-w/XBfkibaTl3YDqASwfDUqkna4Z2p9cFSr1aHDt0WoMTECnRfBOv2WArlZILlqgWlmdIlALXGpM2AOhEk5W3IA=="
    },
    "inputmask": {
      "version": "5.0.3",
      "resolved": "https://registry.npmjs.org/inputmask/-/inputmask-5.0.3.tgz",
      "integrity": "sha512-v1l5IoJK6NE8TapI2g6n/y1/ksMwyVLkkaIS6VPTkdvpgEITLzDtSi7n9Jpp471hL2DdJlae9HpMnFmTpf5VXA=="
    },
    "lodash-es": {
      "version": "4.17.15",
      "resolved": "https://registry.npmjs.org/lodash-es/-/lodash-es-4.17.15.tgz",
      "integrity": "sha512-rlrc3yU3+JNOpZ9zj5pQtxnx2THmvRykwL4Xlxoa8I9lHBlVbbyPhgyPMioxVZ4NqyxaVVtaJnzsyOidQIhyyQ=="
    },
    "lodash.unionby": {
      "version": "4.8.0",
      "resolved": "https://registry.npmjs.org/lodash.unionby/-/lodash.unionby-4.8.0.tgz",
      "integrity": "sha1-iD8Jj/ePVkpye3UI4JzdU5c0u4M="
    },
    "moment": {
      "version": "2.27.0",
      "resolved": "https://registry.npmjs.org/moment/-/moment-2.27.0.tgz",
      "integrity": "sha512-al0MUK7cpIcglMv3YF13qSgdAIqxHTO7brRtaz3DlSULbqfazqkc5kEjNrLDOM7fsjshoFIihnU8snrP7zUvhQ=="
    },
    "ng2-ckeditor": {
      "version": "1.2.9",
      "resolved": "https://registry.npmjs.org/ng2-ckeditor/-/ng2-ckeditor-1.2.9.tgz",
      "integrity": "sha512-Olsq3fWc7eG8BsVDgCW9NZFuUfay1VJ9c2QlzLbtXoxilwRhtHJsPxuAjE9DjxhQWgYa0TSgosk43JKkBqT2lQ==",
      "requires": {
        "tslib": "^2.0.0"
      },
      "dependencies": {
        "tslib": {
          "version": "2.0.1",
          "resolved": "https://registry.npmjs.org/tslib/-/tslib-2.0.1.tgz",
          "integrity": "sha512-SgIkNheinmEBgx1IUNirK0TUD4X9yjjBRTqqjggWCU3pUEqIk3/Uwl3yRixYKT6WjQuGiwDv4NomL3wqRCj+CQ=="
        }
      }
    },
    "printj": {
      "version": "1.1.2",
      "resolved": "https://registry.npmjs.org/printj/-/printj-1.1.2.tgz",
      "integrity": "sha512-zA2SmoLaxZyArQTOPj5LXecR+RagfPSU5Kw1qP+jkWeNlrq+eJZyY2oS68SU1Z/7/myXM4lo9716laOFAVStCQ=="
    },
    "query-string": {
      "version": "6.13.1",
      "resolved": "https://registry.npmjs.org/query-string/-/query-string-6.13.1.tgz",
      "integrity": "sha512-RfoButmcK+yCta1+FuU8REvisx1oEzhMKwhLUNcepQTPGcNMp1sIqjnfCtfnvGSQZQEhaBHvccujtWoUV3TTbA==",
      "requires": {
        "decode-uri-component": "^0.2.0",
        "split-on-first": "^1.0.0",
        "strict-uri-encode": "^2.0.0"
      }
    },
    "short-unique-id": {
      "version": "1.1.1",
      "resolved": "https://registry.npmjs.org/short-unique-id/-/short-unique-id-1.1.1.tgz",
      "integrity": "sha512-gyWJ4pknxpCx0WlUIdCIwHiQ/4sCy0i0YpDOniXP/TboMMRs6rkg6PPKR2nmNfZ9VYeAIm0x9qz/QmJysd9jNg=="
    },
    "split-on-first": {
      "version": "1.1.0",
      "resolved": "https://registry.npmjs.org/split-on-first/-/split-on-first-1.1.0.tgz",
      "integrity": "sha512-43ZssAJaMusuKWL8sKUBQXHWOpq8d6CfN/u1p4gUzfJkM05C8rxTmYrkIPTXapZpORA6LkkzcUulJ8FqA7Uudw=="
    },
    "ssf": {
      "version": "0.10.3",
      "resolved": "https://registry.npmjs.org/ssf/-/ssf-0.10.3.tgz",
      "integrity": "sha512-pRuUdW0WwyB2doSqqjWyzwCD6PkfxpHAHdZp39K3dp/Hq7f+xfMwNAWIi16DyrRg4gg9c/RvLYkJTSawTPTm1w==",
      "requires": {
        "frac": "~1.1.2"
      }
    },
    "strict-uri-encode": {
      "version": "2.0.0",
      "resolved": "https://registry.npmjs.org/strict-uri-encode/-/strict-uri-encode-2.0.0.tgz",
      "integrity": "sha1-ucczDHBChi9rFC3CdLvMWGbONUY="
    },
    "tslib": {
      "version": "1.13.0",
      "resolved": "https://registry.npmjs.org/tslib/-/tslib-1.13.0.tgz",
      "integrity": "sha512-i/6DQjL8Xf3be4K/E6Wgpekn5Qasl1usyw++dAA35Ue5orEn65VIxOA+YvNNl9HV3qv70T7CNwjODHZrLwvd1Q=="
    },
    "wmf": {
      "version": "1.0.2",
      "resolved": "https://registry.npmjs.org/wmf/-/wmf-1.0.2.tgz",
      "integrity": "sha512-/p9K7bEh0Dj6WbXg4JG0xvLQmIadrner1bi45VMJTfnbVHsc7yIajZyoSoK60/dtVBs12Fm6WkUI5/3WAVsNMw=="
    },
    "xlsx": {
      "version": "0.15.6",
      "resolved": "https://registry.npmjs.org/xlsx/-/xlsx-0.15.6.tgz",
      "integrity": "sha512-7vD9eutyLs65iDjNFimVN+gk/oDkfkCgpQUjdE82QgzJCrBHC4bGPH7fzKVyy0UPp3gyFVQTQEFJaWaAvZCShQ==",
      "requires": {
        "adler-32": "~1.2.0",
        "cfb": "^1.1.4",
        "codepage": "~1.14.0",
        "commander": "~2.17.1",
        "crc-32": "~1.2.0",
        "exit-on-epipe": "~1.0.1",
        "ssf": "~0.10.3",
        "wmf": "~1.0.1"
      }
    }
  }
}
